
Microsoft Visual Studio Solution File, Format Version 12.00
# Visual Studio 15
VisualStudioVersion = 15.0.28307.271
MinimumVisualStudioVersion = 10.0.40219.1
Project("{8BC9CEB8-8B4A-11D0-8D11-00A0C91BC942}") = "MDMi", "MDMi.vcxproj", "{AEE6E16D-DDC8-4464-A0D6-D53993F445D2}"
EndProject
Global
	GlobalSection(SolutionConfigurationPlatforms) = preSolution
		Debug|x64 = Debug|x64
		Debug|x86 = Debug|x86
		Release|x64 = Release|x64
		Release|x86 = Release|x86
	EndGlobalSection
	GlobalSection(ProjectConfigurationPlatforms) = postSolution
		{AEE6E16D-DDC8-4464-A0D6-D53993F445D2}.Debug|x64.ActiveCfg = Debug|x64
		{AEE6E16D-DDC8-4464-A0D6-D53993F445D2}.Debug|x64.Build.0 = Debug|x64
		{AEE6E16D-DDC8-4464-A0D6-D53993F445D2}.Debug|x86.ActiveCfg = Debug|Win32
		{AEE6E16D-DDC8-4464-A0D6-D53993F445D2}.Debug|x86.Build.0 = Debug|Win32
		{AEE6E16D-DDC8-4464-A0D6-D53993F445D2}.Release|x64.ActiveCfg = Release|x64
		{AEE6E16D-DDC8-4464-A0D6-D53993F445D2}.Release|x64.Build.0 = Release|x64
		{AEE6E16D-DDC8-4464-A0D6-D53993F445D2}.Release|x86.ActiveCfg = Release|Win32
		{AEE6E16D-DDC8-4464-A0D6-D53993F445D2}.Release|x86.Build.0 = Release|Win32
	EndGlobalSection
	GlobalSection(SolutionProperties) = preSolution
		HideSolutionNode = FALSE
	EndGlobalSection
	GlobalSection(ExtensibilityGlobals) = postSolution
		SolutionGuid = {DB3B6654-BCE6-459B-84DE-9A84FD5FBFF8}
	EndGlobalSection
EndGlobal
